// !$*UTF8*$!
{
	archiveVersion = 1;
	classes = {
	};
	objectVersion = 55;
	objects = {

/* Begin PBXBuildFile section */
		8854039628BB805D00C9E5B8 /* BounceButton.swift in Sources */ = {isa = PBXBuildFile; fileRef = 8854039528BB805D00C9E5B8 /* BounceButton.swift */; };
		8854039828BB812300C9E5B8 /* DesignButton.swift in Sources */ = {isa = PBXBuildFile; fileRef = 8854039728BB812300C9E5B8 /* DesignButton.swift */; };
		8854039A28BB84F500C9E5B8 /* WeatherDataModel.swift in Sources */ = {isa = PBXBuildFile; fileRef = 8854039928BB84F500C9E5B8 /* WeatherDataModel.swift */; };
		8854039D28BB923F00C9E5B8 /* Alamofire in Frameworks */ = {isa = PBXBuildFile; productRef = 8854039C28BB923F00C9E5B8 /* Alamofire */; };
		885403A028BB92E300C9E5B8 /* SwiftyJSON in Frameworks */ = {isa = PBXBuildFile; productRef = 8854039F28BB92E300C9E5B8 /* SwiftyJSON */; };
		885EA05528B90E9C006626CE /* AppDelegate.swift in Sources */ = {isa = PBXBuildFile; fileRef = 885EA05428B90E9C006626CE /* AppDelegate.swift */; };
		885EA05728B90E9C006626CE /* SceneDelegate.swift in Sources */ = {isa = PBXBuildFile; fileRef = 885EA05628B90E9C006626CE /* SceneDelegate.swift */; };
		885EA05928B90E9C006626CE /* ChangeCityViewController.swift in Sources */ = {isa = PBXBuildFile; fileRef = 885EA05828B90E9C006626CE /* ChangeCityViewController.swift */; };
		885EA05C28B90E9C006626CE /* Main.storyboard in Resources */ = {isa = PBXBuildFile; fileRef = 885EA05A28B90E9C006626CE /* Main.storyboard */; };
		885EA05E28B90EA4006626CE /* Assets.xcassets in Resources */ = {isa = PBXBuildFile; fileRef = 885EA05D28B90EA4006626CE /* Assets.xcassets */; };
		885EA06128B90EA4006626CE /* LaunchScreen.storyboard in Resources */ = {isa = PBXBuildFile; fileRef = 885EA05F28B90EA4006626CE /* LaunchScreen.storyboard */; };
		885EA06E28B9100C006626CE /* DynaPuff_SemiCondensed-SemiBold.ttf in Resources */ = {isa = PBXBuildFile; fileRef = 885EA06D28B9100C006626CE /* DynaPuff_SemiCondensed-SemiBold.ttf */; };
		885EA07028B91296006626CE /* DesignableTextField.swift in Sources */ = {isa = PBXBuildFile; fileRef = 885EA06F28B91296006626CE /* DesignableTextField.swift */; };
		885EA07228B91ABD006626CE /* WeatherViewController.swift in Sources */ = {isa = PBXBuildFile; fileRef = 885EA07128B91ABD006626CE /* WeatherViewController.swift */; };
/* End PBXBuildFile section */

/* Begin PBXFileReference section */
		8854039528BB805D00C9E5B8 /* BounceButton.swift */ = {isa = PBXFileReference; lastKnownFileType = sourcecode.swift; path = BounceButton.swift; sourceTree = "<group>"; };
		8854039728BB812300C9E5B8 /* DesignButton.swift */ = {isa = PBXFileReference; lastKnownFileType = sourcecode.swift; path = DesignButton.swift; sourceTree = "<group>"; };
		8854039928BB84F500C9E5B8 /* WeatherDataModel.swift */ = {isa = PBXFileReference; lastKnownFileType = sourcecode.swift; path = WeatherDataModel.swift; sourceTree = "<group>"; };
		885EA05128B90E9C006626CE /* OpenWeather.app */ = {isa = PBXFileReference; explicitFileType = wrapper.application; includeInIndex = 0; path = OpenWeather.app; sourceTree = BUILT_PRODUCTS_DIR; };
		885EA05428B90E9C006626CE /* AppDelegate.swift */ = {isa = PBXFileReference; lastKnownFileType = sourcecode.swift; path = AppDelegate.swift; sourceTree = "<group>"; };
		885EA05628B90E9C006626CE /* SceneDelegate.swift */ = {isa = PBXFileReference; lastKnownFileType = sourcecode.swift; path = SceneDelegate.swift; sourceTree = "<group>"; };
		885EA05828B90E9C006626CE /* ChangeCityViewController.swift */ = {isa = PBXFileReference; lastKnownFileType = sourcecode.swift; path = ChangeCityViewController.swift; sourceTree = "<group>"; };
		885EA05B28B90E9C006626CE /* Base */ = {isa = PBXFileReference; lastKnownFileType = file.storyboard; name = Base; path = Base.lproj/Main.storyboard; sourceTree = "<group>"; };
		885EA05D28B90EA4006626CE /* Assets.xcassets */ = {isa = PBXFileReference; lastKnownFileType = folder.assetcatalog; path = Assets.xcassets; sourceTree = "<group>"; };
		885EA06028B90EA4006626CE /* Base */ = {isa = PBXFileReference; lastKnownFileType = file.storyboard; name = Base; path = Base.lproj/LaunchScreen.storyboard; sourceTree = "<group>"; };
		885EA06228B90EA4006626CE /* Info.plist */ = {isa = PBXFileReference; lastKnownFileType = text.plist.xml; path = Info.plist; sourceTree = "<group>"; };
		885EA06D28B9100C006626CE /* DynaPuff_SemiCondensed-SemiBold.ttf */ = {isa = PBXFileReference; lastKnownFileType = file; path = "DynaPuff_SemiCondensed-SemiBold.ttf"; sourceTree = "<group>"; };
		885EA06F28B91296006626CE /* DesignableTextField.swift */ = {isa = PBXFileReference; lastKnownFileType = sourcecode.swift; path = DesignableTextField.swift; sourceTree = "<group>"; };
		885EA07128B91ABD006626CE /* WeatherViewController.swift */ = {isa = PBXFileReference; lastKnownFileType = sourcecode.swift; path = WeatherViewController.swift; sourceTree = "<group>"; };
/* End PBXFileReference section */

/* Begin PBXFrameworksBuildPhase section */
		885EA04E28B90E9C006626CE /* Frameworks */ = {
			isa = PBXFrameworksBuildPhase;
			buildActionMask = 2147483647;
			files = (
				885403A028BB92E300C9E5B8 /* SwiftyJSON in Frameworks */,
				8854039D28BB923F00C9E5B8 /* Alamofire in Frameworks */,
			);
			runOnlyForDeploymentPostprocessing = 0;
		};
/* End PBXFrameworksBuildPhase section */

/* Begin PBXGroup section */
		885EA04828B90E9C006626CE = {
			isa = PBXGroup;
			children = (
				885EA05328B90E9C006626CE /* OpenWeather */,
				885EA05228B90E9C006626CE /* Products */,
			);
			sourceTree = "<group>";
		};
		885EA05228B90E9C006626CE /* Products */ = {
			isa = PBXGroup;
			children = (
				885EA05128B90E9C006626CE /* OpenWeather.app */,
			);
			name = Products;
			sourceTree = "<group>";
		};
		885EA05328B90E9C006626CE /* OpenWeather */ = {
			isa = PBXGroup;
			children = (
				885EA06C28B90EE4006626CE /* Model */,
				885EA06B28B90EDD006626CE /* ExtraResources */,
				885EA06828B90EB1006626CE /* Delegates */,
				885EA06A28B90ECE006626CE /* Controller */,
				885EA06928B90EC8006626CE /* View */,
				885EA05D28B90EA4006626CE /* Assets.xcassets */,
				885EA06228B90EA4006626CE /* Info.plist */,
			);
			path = OpenWeather;
			sourceTree = "<group>";
		};
		885EA06828B90EB1006626CE /* Delegates */ = {
			isa = PBXGroup;
			children = (
				885EA05428B90E9C006626CE /* AppDelegate.swift */,
				885EA05628B90E9C006626CE /* SceneDelegate.swift */,
			);
			path = Delegates;
			sourceTree = "<group>";
		};
		885EA06928B90EC8006626CE /* View */ = {
			isa = PBXGroup;
			children = (
				885EA05A28B90E9C006626CE /* Main.storyboard */,
				885EA05F28B90EA4006626CE /* LaunchScreen.storyboard */,
			);
			path = View;
			sourceTree = "<group>";
		};
		885EA06A28B90ECE006626CE /* Controller */ = {
			isa = PBXGroup;
			children = (
				885EA05828B90E9C006626CE /* ChangeCityViewController.swift */,
				885EA07128B91ABD006626CE /* WeatherViewController.swift */,
			);
			path = Controller;
			sourceTree = "<group>";
		};
		885EA06B28B90EDD006626CE /* ExtraResources */ = {
			isa = PBXGroup;
			children = (
				885EA06D28B9100C006626CE /* DynaPuff_SemiCondensed-SemiBold.ttf */,
				885EA06F28B91296006626CE /* DesignableTextField.swift */,
				8854039528BB805D00C9E5B8 /* BounceButton.swift */,
				8854039728BB812300C9E5B8 /* DesignButton.swift */,
			);
			path = ExtraResources;
			sourceTree = "<group>";
		};
		885EA06C28B90EE4006626CE /* Model */ = {
			isa = PBXGroup;
			children = (
				8854039928BB84F500C9E5B8 /* WeatherDataModel.swift */,
			);
			path = Model;
			sourceTree = "<group>";
		};
/* End PBXGroup section */

/* Begin PBXNativeTarget section */
		885EA05028B90E9C006626CE /* OpenWeather */ = {
			isa = PBXNativeTarget;
			buildConfigurationList = 885EA06528B90EA4006626CE /* Build configuration list for PBXNativeTarget "OpenWeather" */;
			buildPhases = (
				885EA04D28B90E9C006626CE /* Sources */,
				885EA04E28B90E9C006626CE /* Frameworks */,
				885EA04F28B90E9C006626CE /* Resources */,
			);
			buildRules = (
			);
			dependencies = (
			);
			name = OpenWeather;
			packageProductDependencies = (
				8854039C28BB923F00C9E5B8 /* Alamofire */,
				8854039F28BB92E300C9E5B8 /* SwiftyJSON */,
			);
			productName = OpenWeather;
			productReference = 885EA05128B90E9C006626CE /* OpenWeather.app */;
			productType = "com.apple.product-type.application";
		};
/* End PBXNativeTarget section */

/* Begin PBXProject section */
		885EA04928B90E9C006626CE /* Project object */ = {
			isa = PBXProject;
			attributes = {
				BuildIndependentTargetsInParallel = 1;
				LastSwiftUpdateCheck = 1340;
				LastUpgradeCheck = 1340;
				TargetAttributes = {
					885EA05028B90E9C006626CE = {
						CreatedOnToolsVersion = 13.4.1;
					};
				};
			};
			buildConfigurationList = 885EA04C28B90E9C006626CE /* Build configuration list for PBXProject "OpenWeather" */;
			compatibilityVersion = "Xcode 13.0";
			developmentRegion = en;
			hasScannedForEncodings = 0;
			knownRegions = (
				en,
				Base,
			);
			mainGroup = 885EA04828B90E9C006626CE;
			packageReferences = (
				8854039B28BB923F00C9E5B8 /* XCRemoteSwiftPackageReference "Alamofire" */,
				8854039E28BB92E300C9E5B8 /* XCRemoteSwiftPackageReference "SwiftyJSON" */,
			);
			productRefGroup = 885EA05228B90E9C006626CE /* Products */;
			projectDirPath = "";
			projectRoot = "";
			targets = (
				885EA05028B90E9C006626CE /* OpenWeather */,
			);
		};
/* End PBXProject section */

/* Begin PBXResourcesBuildPhase section */
		885EA04F28B90E9C006626CE /* Resources */ = {
			isa = PBXResourcesBuildPhase;
			buildActionMask = 2147483647;
			files = (
				885EA06E28B9100C006626CE /* DynaPuff_SemiCondensed-SemiBold.ttf in Resources */,
				885EA06128B90EA4006626CE /* LaunchScreen.storyboard in Resources */,
				885EA05E28B90EA4006626CE /* Assets.xcassets in Resources */,
				885EA05C28B90E9C006626CE /* Main.storyboard in Resources */,
			);
			runOnlyForDeploymentPostprocessing = 0;
		};
/* End PBXResourcesBuildPhase section */

/* Begin PBXSourcesBuildPhase section */
		885EA04D28B90E9C006626CE /* Sources */ = {
			isa = PBXSourcesBuildPhase;
			buildActionMask = 2147483647;
			files = (
				885EA05928B90E9C006626CE /* ChangeCityViewController.swift in Sources */,
				885EA07228B91ABD006626CE /* WeatherViewController.swift in Sources */,
				885EA05528B90E9C006626CE /* AppDelegate.swift in Sources */,
				885EA05728B90E9C006626CE /* SceneDelegate.swift in Sources */,
				8854039A28BB84F500C9E5B8 /* WeatherDataModel.swift in Sources */,
				8854039828BB812300C9E5B8 /* DesignButton.swift in Sources */,
				885EA07028B91296006626CE /* DesignableTextField.swift in Sources */,
				8854039628BB805D00C9E5B8 /* BounceButton.swift in Sources */,
			);
			runOnlyForDeploymentPostprocessing = 0;
		};
/* End PBXSourcesBuildPhase section */

/* Begin PBXVariantGroup section */
		885EA05A28B90E9C006626CE /* Main.storyboard */ = {
			isa = PBXVariantGroup;
			children = (
				885EA05B28B90E9C006626CE /* Base */,
			);
			name = Main.storyboard;
			sourceTree = "<group>";
		};
		885EA05F28B90EA4006626CE /* LaunchScreen.storyboard */ = {
			isa = PBXVariantGroup;
			children = (
				885EA06028B90EA4006626CE /* Base */,
			);
			name = LaunchScreen.storyboard;
			sourceTree = "<group>";
		};
/* End PBXVariantGroup section */

/* Begin XCBuildConfiguration section */
		885EA06328B90EA4006626CE /* Debug */ = {
			isa = XCBuildConfiguration;
			buildSettings = {
				ALWAYS_SEARCH_USER_PATHS = NO;
				CLANG_ANALYZER_NONNULL = YES;
				CLANG_ANALYZER_NUMBER_OBJECT_CONVERSION = YES_AGGRESSIVE;
				CLANG_CXX_LANGUAGE_STANDARD = "gnu++17";
				CLANG_ENABLE_MODULES = YES;
				CLANG_ENABLE_OBJC_ARC = YES;
				CLANG_ENABLE_OBJC_WEAK = YES;
				CLANG_WARN_BLOCK_CAPTURE_AUTORELEASING = YES;
				CLANG_WARN_BOOL_CONVERSION = YES;
				CLANG_WARN_COMMA = YES;
				CLANG_WARN_CONSTANT_CONVERSION = YES;
				CLANG_WARN_DEPRECATED_OBJC_IMPLEMENTATIONS = YES;
				CLANG_WARN_DIRECT_OBJC_ISA_USAGE = YES_ERROR;
				CLANG_WARN_DOCUMENTATION_COMMENTS = YES;
				CLANG_WARN_EMPTY_BODY = YES;
				CLANG_WARN_ENUM_CONVERSION = YES;
				CLANG_WARN_INFINITE_RECURSION = YES;
				CLANG_WARN_INT_CONVERSION = YES;
				CLANG_WARN_NON_LITERAL_NULL_CONVERSION = YES;
				CLANG_WARN_OBJC_IMPLICIT_RETAIN_SELF = YES;
				CLANG_WARN_OBJC_LITERAL_CONVERSION = YES;
				CLANG_WARN_OBJC_ROOT_CLASS = YES_ERROR;
				CLANG_WARN_QUOTED_INCLUDE_IN_FRAMEWORK_HEADER = YES;
				CLANG_WARN_RANGE_LOOP_ANALYSIS = YES;
				CLANG_WARN_STRICT_PROTOTYPES = YES;
				CLANG_WARN_SUSPICIOUS_MOVE = YES;
				CLANG_WARN_UNGUARDED_AVAILABILITY = YES_AGGRESSIVE;
				CLANG_WARN_UNREACHABLE_CODE = YES;
				CLANG_WARN__DUPLICATE_METHOD_MATCH = YES;
				COPY_PHASE_STRIP = NO;
				DEBUG_INFORMATION_FORMAT = dwarf;
				ENABLE_STRICT_OBJC_MSGSEND = YES;
				ENABLE_TESTABILITY = YES;
				GCC_C_LANGUAGE_STANDARD = gnu11;
				GCC_DYNAMIC_NO_PIC = NO;
				GCC_NO_COMMON_BLOCKS = YES;
				GCC_OPTIMIZATION_LEVEL = 0;
				GCC_PREPROCESSOR_DEFINITIONS = (
					"DEBUG=1",
					"$(inherited)",
				);
				GCC_WARN_64_TO_32_BIT_CONVERSION = YES;
				GCC_WARN_ABOUT_RETURN_TYPE = YES_ERROR;
				GCC_WARN_UNDECLARED_SELECTOR = YES;
				GCC_WARN_UNINITIALIZED_AUTOS = YES_AGGRESSIVE;
				GCC_WARN_UNUSED_FUNCTION = YES;
				GCC_WARN_UNUSED_VARIABLE = YES;
				IPHONEOS_DEPLOYMENT_TARGET = 15.5;
				MTL_ENABLE_DEBUG_INFO = INCLUDE_SOURCE;
				MTL_FAST_MATH = YES;
				ONLY_ACTIVE_ARCH = YES;
				SDKROOT = iphoneos;
				SWIFT_ACTIVE_COMPILATION_CONDITIONS = DEBUG;
				SWIFT_OPTIMIZATION_LEVEL = "-Onone";
			};
			name = Debug;
		};
		885EA06428B90EA4006626CE /* Release */ = {
			isa = XCBuildConfiguration;
			buildSettings = {
				ALWAYS_SEARCH_USER_PATHS = NO;
				CLANG_ANALYZER_NONNULL = YES;
				CLANG_ANALYZER_NUMBER_OBJECT_CONVERSION = YES_AGGRESSIVE;
				CLANG_CXX_LANGUAGE_STANDARD = "gnu++17";
				CLANG_ENABLE_MODULES = YES;
				CLANG_ENABLE_OBJC_ARC = YES;
				CLANG_ENABLE_OBJC_WEAK = YES;
				CLANG_WARN_BLOCK_CAPTURE_AUTORELEASING = YES;
				CLANG_WARN_BOOL_CONVERSION = YES;
				CLANG_WARN_COMMA = YES;
				CLANG_WARN_CONSTANT_CONVERSION = YES;
				CLANG_WARN_DEPRECATED_OBJC_IMPLEMENTATIONS = YES;
				CLANG_WARN_DIRECT_OBJC_ISA_USAGE = YES_ERROR;
				CLANG_WARN_DOCUMENTATION_COMMENTS = YES;
				CLANG_WARN_EMPTY_BODY = YES;
				CLANG_WARN_ENUM_CONVERSION = YES;
				CLANG_WARN_INFINITE_RECURSION = YES;
				CLANG_WARN_INT_CONVERSION = YES;
				CLANG_WARN_NON_LITERAL_NULL_CONVERSION = YES;
				CLANG_WARN_OBJC_IMPLICIT_RETAIN_SELF = YES;
				CLANG_WARN_OBJC_LITERAL_CONVERSION = YES;
				CLANG_WARN_OBJC_ROOT_CLASS = YES_ERROR;
				CLANG_WARN_QUOTED_INCLUDE_IN_FRAMEWORK_HEADER = YES;
				CLANG_WARN_RANGE_LOOP_ANALYSIS = YES;
				CLANG_WARN_STRICT_PROTOTYPES = YES;
				CLANG_WARN_SUSPICIOUS_MOVE = YES;
				CLANG_WARN_UNGUARDED_AVAILABILITY = YES_AGGRESSIVE;
				CLANG_WARN_UNREACHABLE_CODE = YES;
				CLANG_WARN__DUPLICATE_METHOD_MATCH = YES;
				COPY_PHASE_STRIP = NO;
				DEBUG_INFORMATION_FORMAT = "dwarf-with-dsym";
				ENABLE_NS_ASSERTIONS = NO;
				ENABLE_STRICT_OBJC_MSGSEND = YES;
				GCC_C_LANGUAGE_STANDARD = gnu11;
				GCC_NO_COMMON_BLOCKS = YES;
				GCC_WARN_64_TO_32_BIT_CONVERSION = YES;
				GCC_WARN_ABOUT_RETURN_TYPE = YES_ERROR;
				GCC_WARN_UNDECLARED_SELECTOR = YES;
				GCC_WARN_UNINITIALIZED_AUTOS = YES_AGGRESSIVE;
				GCC_WARN_UNUSED_FUNCTION = YES;
				GCC_WARN_UNUSED_VARIABLE = YES;
				IPHONEOS_DEPLOYMENT_TARGET = 15.5;
				MTL_ENABLE_DEBUG_INFO = NO;
				MTL_FAST_MATH = YES;
				SDKROOT = iphoneos;
				SWIFT_COMPILATION_MODE = wholemodule;
				SWIFT_OPTIMIZATION_LEVEL = "-O";
				VALIDATE_PRODUCT = YES;
			};
			name = Release;
		};
		885EA06628B90EA4006626CE /* Debug */ = {
			isa = XCBuildConfiguration;
			buildSettings = {
				ASSETCATALOG_COMPILER_APPICON_NAME = AppIcon;
				ASSETCATALOG_COMPILER_GLOBAL_ACCENT_COLOR_NAME = AccentColor;
				CODE_SIGN_STYLE = Automatic;
				CURRENT_PROJECT_VERSION = 1;
				GENERATE_INFOPLIST_FILE = YES;
				INFOPLIST_FILE = OpenWeather/Info.plist;
				INFOPLIST_KEY_NSLocationAlwaysAndWhenInUseUsageDescription = "OpenWeatherApp needs your location to obtain weather";
				INFOPLIST_KEY_NSLocationUsageDescription = "OpenWeatherApp needs your location to obtain weather";
				INFOPLIST_KEY_NSLocationWhenInUseUsageDescription = "OpenWeatherApp needs your location to obtain weather";
				INFOPLIST_KEY_UIApplicationSupportsIndirectInputEvents = YES;
				INFOPLIST_KEY_UILaunchStoryboardName = LaunchScreen;
				INFOPLIST_KEY_UIMainStoryboardFile = Main;
				INFOPLIST_KEY_UISupportedInterfaceOrientations_iPad = "UIInterfaceOrientationPortrait UIInterfaceOrientationPortraitUpsideDown UIInterfaceOrientationLandscapeLeft UIInterfaceOrientationLandscapeRight";
				INFOPLIST_KEY_UISupportedInterfaceOrientations_iPhone = "UIInterfaceOrientationPortrait UIInterfaceOrientationLandscapeLeft UIInterfaceOrientationLandscapeRight";
				LD_RUNPATH_SEARCH_PATHS = (
					"$(inherited)",
					"@executable_path/Frameworks",
				);
				MARKETING_VERSION = 1.0;
				PRODUCT_BUNDLE_IDENTIFIER = ElEdgo.OpenWeather;
				PRODUCT_NAME = "$(TARGET_NAME)";
				SWIFT_EMIT_LOC_STRINGS = YES;
				SWIFT_VERSION = 5.0;
				TARGETED_DEVICE_FAMILY = "1,2";
			};
			name = Debug;
		};
		885EA06728B90EA4006626CE /* Release */ = {
			isa = XCBuildConfiguration;
			buildSettings = {
				ASSETCATALOG_COMPILER_APPICON_NAME = AppIcon;
				ASSETCATALOG_COMPILER_GLOBAL_ACCENT_COLOR_NAME = AccentColor;
				CODE_SIGN_STYLE = Automatic;
				CURRENT_PROJECT_VERSION = 1;
				GENERATE_INFOPLIST_FILE = YES;
				INFOPLIST_FILE = OpenWeather/Info.plist;
				INFOPLIST_KEY_NSLocationAlwaysAndWhenInUseUsageDescription = "OpenWeatherApp needs your location to obtain weather";
				INFOPLIST_KEY_NSLocationUsageDescription = "OpenWeatherApp needs your location to obtain weather";
				INFOPLIST_KEY_NSLocationWhenInUseUsageDescription = "OpenWeatherApp needs your location to obtain weather";
				INFOPLIST_KEY_UIApplicationSupportsIndirectInputEvents = YES;
				INFOPLIST_KEY_UILaunchStoryboardName = LaunchScreen;
				INFOPLIST_KEY_UIMainStoryboardFile = Main;
				INFOPLIST_KEY_UISupportedInterfaceOrientations_iPad = "UIInterfaceOrientationPortrait UIInterfaceOrientationPortraitUpsideDown UIInterfaceOrientationLandscapeLeft UIInterfaceOrientationLandscapeRight";
				INFOPLIST_KEY_UISupportedInterfaceOrientations_iPhone = "UIInterfaceOrientationPortrait UIInterfaceOrientationLandscapeLeft UIInterfaceOrientationLandscapeRight";
				LD_RUNPATH_SEARCH_PATHS = (
					"$(inherited)",
					"@executable_path/Frameworks",
				);
				MARKETING_VERSION = 1.0;
				PRODUCT_BUNDLE_IDENTIFIER = ElEdgo.OpenWeather;
				PRODUCT_NAME = "$(TARGET_NAME)";
				SWIFT_EMIT_LOC_STRINGS = YES;
				SWIFT_VERSION = 5.0;
				TARGETED_DEVICE_FAMILY = "1,2";
			};
			name = Release;
		};
/* End XCBuildConfiguration section */

/* Begin XCConfigurationList section */
		885EA04C28B90E9C006626CE /* Build configuration list for PBXProject "OpenWeather" */ = {
			isa = XCConfigurationList;
			buildConfigurations = (
				885EA06328B90EA4006626CE /* Debug */,
				885EA06428B90EA4006626CE /* Release */,
			);
			defaultConfigurationIsVisible = 0;
			defaultConfigurationName = Release;
		};
		885EA06528B90EA4006626CE /* Build configuration list for PBXNativeTarget "OpenWeather" */ = {
			isa = XCConfigurationList;
			buildConfigurations = (
				885EA06628B90EA4006626CE /* Debug */,
				885EA06728B90EA4006626CE /* Release */,
			);
			defaultConfigurationIsVisible = 0;
			defaultConfigurationName = Release;
		};
/* End XCConfigurationList section */

/* Begin XCRemoteSwiftPackageReference section */
		8854039B28BB923F00C9E5B8 /* XCRemoteSwiftPackageReference "Alamofire" */ = {
			isa = XCRemoteSwiftPackageReference;
			repositoryURL = "https://github.com/Alamofire/Alamofire.git";
			requirement = {
				kind = upToNextMajorVersion;
				minimumVersion = 5.0.0;
			};
		};
		8854039E28BB92E300C9E5B8 /* XCRemoteSwiftPackageReference "SwiftyJSON" */ = {
			isa = XCRemoteSwiftPackageReference;
			repositoryURL = "https://github.com/SwiftyJSON/SwiftyJSON.git";
			requirement = {
				kind = upToNextMajorVersion;
				minimumVersion = 5.0.0;
			};
		};
/* End XCRemoteSwiftPackageReference section */

/* Begin XCSwiftPackageProductDependency section */
		8854039C28BB923F00C9E5B8 /* Alamofire */ = {
			isa = XCSwiftPackageProductDependency;
			package = 8854039B28BB923F00C9E5B8 /* XCRemoteSwiftPackageReference "Alamofire" */;
			productName = Alamofire;
		};
		8854039F28BB92E300C9E5B8 /* SwiftyJSON */ = {
			isa = XCSwiftPackageProductDependency;
			package = 8854039E28BB92E300C9E5B8 /* XCRemoteSwiftPackageReference "SwiftyJSON" */;
			productName = SwiftyJSON;
		};
/* End XCSwiftPackageProductDependency section */
	};
	rootObject = 885EA04928B90E9C006626CE /* Project object */;
}
